
Microsoft Visual Studio Solution File, Format Version 12.00
# Visual Studio 15
VisualStudioVersion = 15.0.28010.2019
MinimumVisualStudioVersion = 10.0.40219.1
Project("{FAE04EC0-301F-11D3-BF4B-00C04F79EFBC}") = "ShopNavi.Android", "ShopNaviStd\ShopNaviStd.Android\ShopNavi.Android.csproj", "{1BC8F2BB-B672-43B4-A9BE-99968FE60F6C}"
	ProjectSection(ProjectDependencies) = postProject
		{E72DF2CA-A166-4F09-9557-DC1EE2A1EC1A} = {E72DF2CA-A166-4F09-9557-DC1EE2A1EC1A}
	EndProjectSection
EndProject
Project("{FAE04EC0-301F-11D3-BF4B-00C04F79EFBC}") = "ShopNaviStd.iOS", "ShopNaviStd\ShopNaviStd.iOS\ShopNaviStd.iOS.csproj", "{1A46160B-FD91-4FCF-8D48-89F3ED036259}"
EndProject
Project("{FAE04EC0-301F-11D3-BF4B-00C04F79EFBC}") = "ShopNavi.UWP", "ShopNaviStd\ShopNaviStd.UWP\ShopNavi.UWP.csproj", "{90B1AAFD-709E-41BA-93F9-AF8699B33E56}"
	ProjectSection(ProjectDependencies) = postProject
		{E72DF2CA-A166-4F09-9557-DC1EE2A1EC1A} = {E72DF2CA-A166-4F09-9557-DC1EE2A1EC1A}
		{B21298DD-326D-45D1-945B-869141F5CE1E} = {B21298DD-326D-45D1-945B-869141F5CE1E}
	EndProjectSection
EndProject
Project("{9A19103F-16F7-4668-BE54-9A1E7A4F7556}") = "ShopNavi", "ShopNaviStd\ShopNaviStd\ShopNavi.csproj", "{B21298DD-326D-45D1-945B-869141F5CE1E}"
EndProject
Project("{9A19103F-16F7-4668-BE54-9A1E7A4F7556}") = "ShopNavi.Data", "ShopNaviStd.Data\ShopNavi.Data.csproj", "{E72DF2CA-A166-4F09-9557-DC1EE2A1EC1A}"
EndProject
Global
	GlobalSection(SolutionConfigurationPlatforms) = preSolution
		Ad-Hoc|Any CPU = Ad-Hoc|Any CPU
		Ad-Hoc|ARM = Ad-Hoc|ARM
		Ad-Hoc|iPhone = Ad-Hoc|iPhone
		Ad-Hoc|iPhoneSimulator = Ad-Hoc|iPhoneSimulator
		Ad-Hoc|x64 = Ad-Hoc|x64
		Ad-Hoc|x86 = Ad-Hoc|x86
		AppStore|Any CPU = AppStore|Any CPU
		AppStore|ARM = AppStore|ARM
		AppStore|iPhone = AppStore|iPhone
		AppStore|iPhoneSimulator = AppStore|iPhoneSimulator
		AppStore|x64 = AppStore|x64
		AppStore|x86 = AppStore|x86
		Debug|Any CPU = Debug|Any CPU
		Debug|ARM = Debug|ARM
		Debug|iPhone = Debug|iPhone
		Debug|iPhoneSimulator = Debug|iPhoneSimulator
		Debug|x64 = Debug|x64
		Debug|x86 = Debug|x86
		Release|Any CPU = Release|Any CPU
		Release|ARM = Release|ARM
		Release|iPhone = Release|iPhone
		Release|iPhoneSimulator = Release|iPhoneSimulator
		Release|x64 = Release|x64
		Release|x86 = Release|x86
	EndGlobalSection
	GlobalSection(ProjectConfigurationPlatforms) = postSolution
		{1BC8F2BB-B672-43B4-A9BE-99968FE60F6C}.Ad-Hoc|Any CPU.ActiveCfg = Release|Any CPU
		{1BC8F2BB-B672-43B4-A9BE-99968FE60F6C}.Ad-Hoc|Any CPU.Build.0 = Release|Any CPU
		{1BC8F2BB-B672-43B4-A9BE-99968FE60F6C}.Ad-Hoc|Any CPU.Deploy.0 = Release|Any CPU
		{1BC8F2BB-B672-43B4-A9BE-99968FE60F6C}.Ad-Hoc|ARM.ActiveCfg = Release|Any CPU
		{1BC8F2BB-B672-43B4-A9BE-99968FE60F6C}.Ad-Hoc|ARM.Build.0 = Release|Any CPU
		{1BC8F2BB-B672-43B4-A9BE-99968FE60F6C}.Ad-Hoc|ARM.Deploy.0 = Release|Any CPU
		{1BC8F2BB-B672-43B4-A9BE-99968FE60F6C}.Ad-Hoc|iPhone.ActiveCfg = Release|Any CPU
		{1BC8F2BB-B672-43B4-A9BE-99968FE60F6C}.Ad-Hoc|iPhone.Build.0 = Release|Any CPU
		{1BC8F2BB-B672-43B4-A9BE-99968FE60F6C}.Ad-Hoc|iPhone.Deploy.0 = Release|Any CPU
		{1BC8F2BB-B672-43B4-A9BE-99968FE60F6C}.Ad-Hoc|iPhoneSimulator.ActiveCfg = Release|Any CPU
		{1BC8F2BB-B672-43B4-A9BE-99968FE60F6C}.Ad-Hoc|iPhoneSimulator.Build.0 = Release|Any CPU
		{1BC8F2BB-B672-43B4-A9BE-99968FE60F6C}.Ad-Hoc|iPhoneSimulator.Deploy.0 = Release|Any CPU
		{1BC8F2BB-B672-43B4-A9BE-99968FE60F6C}.Ad-Hoc|x64.ActiveCfg = Release|Any CPU
		{1BC8F2BB-B672-43B4-A9BE-99968FE60F6C}.Ad-Hoc|x64.Build.0 = Release|Any CPU
		{1BC8F2BB-B672-43B4-A9BE-99968FE60F6C}.Ad-Hoc|x64.Deploy.0 = Release|Any CPU
		{1BC8F2BB-B672-43B4-A9BE-99968FE60F6C}.Ad-Hoc|x86.ActiveCfg = Release|Any CPU
		{1BC8F2BB-B672-43B4-A9BE-99968FE60F6C}.Ad-Hoc|x86.Build.0 = Release|Any CPU
		{1BC8F2BB-B672-43B4-A9BE-99968FE60F6C}.Ad-Hoc|x86.Deploy.0 = Release|Any CPU
		{1BC8F2BB-B672-43B4-A9BE-99968FE60F6C}.AppStore|Any CPU.ActiveCfg = Release|Any CPU
		{1BC8F2BB-B672-43B4-A9BE-99968FE60F6C}.AppStore|Any CPU.Build.0 = Release|Any CPU
		{1BC8F2BB-B672-43B4-A9BE-99968FE60F6C}.AppStore|Any CPU.Deploy.0 = Release|Any CPU
		{1BC8F2BB-B672-43B4-A9BE-99968FE60F6C}.AppStore|ARM.ActiveCfg = Release|Any CPU
		{1BC8F2BB-B672-43B4-A9BE-99968FE60F6C}.AppStore|ARM.Build.0 = Release|Any CPU
		{1BC8F2BB-B672-43B4-A9BE-99968FE60F6C}.AppStore|ARM.Deploy.0 = Release|Any CPU
		{1BC8F2BB-B672-43B4-A9BE-99968FE60F6C}.AppStore|iPhone.ActiveCfg = Release|Any CPU
		{1BC8F2BB-B672-43B4-A9BE-99968FE60F6C}.AppStore|iPhone.Build.0 = Release|Any CPU
		{1BC8F2BB-B672-43B4-A9BE-99968FE60F6C}.AppStore|iPhone.Deploy.0 = Release|Any CPU
		{1BC8F2BB-B672-43B4-A9BE-99968FE60F6C}.AppStore|iPhoneSimulator.ActiveCfg = Release|Any CPU
		{1BC8F2BB-B672-43B4-A9BE-99968FE60F6C}.AppStore|iPhoneSimulator.Build.0 = Release|Any CPU
		{1BC8F2BB-B672-43B4-A9BE-99968FE60F6C}.AppStore|iPhoneSimulator.Deploy.0 = Release|Any CPU
		{1BC8F2BB-B672-43B4-A9BE-99968FE60F6C}.AppStore|x64.ActiveCfg = Release|Any CPU
		{1BC8F2BB-B672-43B4-A9BE-99968FE60F6C}.AppStore|x64.Build.0 = Release|Any CPU
		{1BC8F2BB-B672-43B4-A9BE-99968FE60F6C}.AppStore|x64.Deploy.0 = Release|Any CPU
		{1BC8F2BB-B672-43B4-A9BE-99968FE60F6C}.AppStore|x86.ActiveCfg = Release|Any CPU
		{1BC8F2BB-B672-43B4-A9BE-99968FE60F6C}.AppStore|x86.Build.0 = Release|Any CPU
		{1BC8F2BB-B672-43B4-A9BE-99968FE60F6C}.AppStore|x86.Deploy.0 = Release|Any CPU
		{1BC8F2BB-B672-43B4-A9BE-99968FE60F6C}.Debug|Any CPU.ActiveCfg = Debug|Any CPU
		{1BC8F2BB-B672-43B4-A9BE-99968FE60F6C}.Debug|Any CPU.Build.0 = Debug|Any CPU
		{1BC8F2BB-B672-43B4-A9BE-99968FE60F6C}.Debug|Any CPU.Deploy.0 = Debug|Any CPU
		{1BC8F2BB-B672-43B4-A9BE-99968FE60F6C}.Debug|ARM.ActiveCfg = Debug|Any CPU
		{1BC8F2BB-B672-43B4-A9BE-99968FE60F6C}.Debug|ARM.Build.0 = Debug|Any CPU
		{1BC8F2BB-B672-43B4-A9BE-99968FE60F6C}.Debug|ARM.Deploy.0 = Debug|Any CPU
		{1BC8F2BB-B672-43B4-A9BE-99968FE60F6C}.Debug|iPhone.ActiveCfg = Debug|Any CPU
		{1BC8F2BB-B672-43B4-A9BE-99968FE60F6C}.Debug|iPhone.Build.0 = Debug|Any CPU
		{1BC8F2BB-B672-43B4-A9BE-99968FE60F6C}.Debug|iPhone.Deploy.0 = Debug|Any CPU
		{1BC8F2BB-B672-43B4-A9BE-99968FE60F6C}.Debug|iPhoneSimulator.ActiveCfg = Debug|Any CPU
		{1BC8F2BB-B672-43B4-A9BE-99968FE60F6C}.Debug|iPhoneSimulator.Build.0 = Debug|Any CPU
		{1BC8F2BB-B672-43B4-A9BE-99968FE60F6C}.Debug|iPhoneSimulator.Deploy.0 = Debug|Any CPU
		{1BC8F2BB-B672-43B4-A9BE-99968FE60F6C}.Debug|x64.ActiveCfg = Debug|Any CPU
		{1BC8F2BB-B672-43B4-A9BE-99968FE60F6C}.Debug|x64.Build.0 = Debug|Any CPU
		{1BC8F2BB-B672-43B4-A9BE-99968FE60F6C}.Debug|x64.Deploy.0 = Debug|Any CPU
		{1BC8F2BB-B672-43B4-A9BE-99968FE60F6C}.Debug|x86.ActiveCfg = Debug|Any CPU
		{1BC8F2BB-B672-43B4-A9BE-99968FE60F6C}.Debug|x86.Build.0 = Debug|Any CPU
		{1BC8F2BB-B672-43B4-A9BE-99968FE60F6C}.Debug|x86.Deploy.0 = Debug|Any CPU
		{1BC8F2BB-B672-43B4-A9BE-99968FE60F6C}.Release|Any CPU.ActiveCfg = Release|Any CPU
		{1BC8F2BB-B672-43B4-A9BE-99968FE60F6C}.Release|Any CPU.Build.0 = Release|Any CPU
		{1BC8F2BB-B672-43B4-A9BE-99968FE60F6C}.Release|Any CPU.Deploy.0 = Release|Any CPU
		{1BC8F2BB-B672-43B4-A9BE-99968FE60F6C}.Release|ARM.ActiveCfg = Release|Any CPU
		{1BC8F2BB-B672-43B4-A9BE-99968FE60F6C}.Release|ARM.Build.0 = Release|Any CPU
		{1BC8F2BB-B672-43B4-A9BE-99968FE60F6C}.Release|ARM.Deploy.0 = Release|Any CPU
		{1BC8F2BB-B672-43B4-A9BE-99968FE60F6C}.Release|iPhone.ActiveCfg = Release|Any CPU
		{1BC8F2BB-B672-43B4-A9BE-99968FE60F6C}.Release|iPhone.Build.0 = Release|Any CPU
		{1BC8F2BB-B672-43B4-A9BE-99968FE60F6C}.Release|iPhone.Deploy.0 = Release|Any CPU
		{1BC8F2BB-B672-43B4-A9BE-99968FE60F6C}.Release|iPhoneSimulator.ActiveCfg = Release|Any CPU
		{1BC8F2BB-B672-43B4-A9BE-99968FE60F6C}.Release|iPhoneSimulator.Build.0 = Release|Any CPU
		{1BC8F2BB-B672-43B4-A9BE-99968FE60F6C}.Release|iPhoneSimulator.Deploy.0 = Release|Any CPU
		{1BC8F2BB-B672-43B4-A9BE-99968FE60F6C}.Release|x64.ActiveCfg = Release|Any CPU
		{1BC8F2BB-B672-43B4-A9BE-99968FE60F6C}.Release|x64.Build.0 = Release|Any CPU
		{1BC8F2BB-B672-43B4-A9BE-99968FE60F6C}.Release|x64.Deploy.0 = Release|Any CPU
		{1BC8F2BB-B672-43B4-A9BE-99968FE60F6C}.Release|x86.ActiveCfg = Release|Any CPU
		{1BC8F2BB-B672-43B4-A9BE-99968FE60F6C}.Release|x86.Build.0 = Release|Any CPU
		{1BC8F2BB-B672-43B4-A9BE-99968FE60F6C}.Release|x86.Deploy.0 = Release|Any CPU
		{1A46160B-FD91-4FCF-8D48-89F3ED036259}.Ad-Hoc|Any CPU.ActiveCfg = Ad-Hoc|iPhone
		{1A46160B-FD91-4FCF-8D48-89F3ED036259}.Ad-Hoc|Any CPU.Build.0 = Ad-Hoc|iPhone
		{1A46160B-FD91-4FCF-8D48-89F3ED036259}.Ad-Hoc|Any CPU.Deploy.0 = Ad-Hoc|iPhone
		{1A46160B-FD91-4FCF-8D48-89F3ED036259}.Ad-Hoc|ARM.ActiveCfg = Ad-Hoc|iPhone
		{1A46160B-FD91-4FCF-8D48-89F3ED036259}.Ad-Hoc|ARM.Build.0 = Ad-Hoc|iPhone
		{1A46160B-FD91-4FCF-8D48-89F3ED036259}.Ad-Hoc|ARM.Deploy.0 = Ad-Hoc|iPhone
		{1A46160B-FD91-4FCF-8D48-89F3ED036259}.Ad-Hoc|iPhone.ActiveCfg = Ad-Hoc|iPhone
		{1A46160B-FD91-4FCF-8D48-89F3ED036259}.Ad-Hoc|iPhone.Build.0 = Ad-Hoc|iPhone
		{1A46160B-FD91-4FCF-8D48-89F3ED036259}.Ad-Hoc|iPhone.Deploy.0 = Ad-Hoc|iPhone
		{1A46160B-FD91-4FCF-8D48-89F3ED036259}.Ad-Hoc|iPhoneSimulator.ActiveCfg = Ad-Hoc|iPhoneSimulator
		{1A46160B-FD91-4FCF-8D48-89F3ED036259}.Ad-Hoc|iPhoneSimulator.Build.0 = Ad-Hoc|iPhoneSimulator
		{1A46160B-FD91-4FCF-8D48-89F3ED036259}.Ad-Hoc|iPhoneSimulator.Deploy.0 = Ad-Hoc|iPhoneSimulator
		{1A46160B-FD91-4FCF-8D48-89F3ED036259}.Ad-Hoc|x64.ActiveCfg = Ad-Hoc|iPhone
		{1A46160B-FD91-4FCF-8D48-89F3ED036259}.Ad-Hoc|x64.Build.0 = Ad-Hoc|iPhone
		{1A46160B-FD91-4FCF-8D48-89F3ED036259}.Ad-Hoc|x64.Deploy.0 = Ad-Hoc|iPhone
		{1A46160B-FD91-4FCF-8D48-89F3ED036259}.Ad-Hoc|x86.ActiveCfg = Ad-Hoc|iPhone
		{1A46160B-FD91-4FCF-8D48-89F3ED036259}.Ad-Hoc|x86.Build.0 = Ad-Hoc|iPhone
		{1A46160B-FD91-4FCF-8D48-89F3ED036259}.Ad-Hoc|x86.Deploy.0 = Ad-Hoc|iPhone
		{1A46160B-FD91-4FCF-8D48-89F3ED036259}.AppStore|Any CPU.ActiveCfg = AppStore|iPhone
		{1A46160B-FD91-4FCF-8D48-89F3ED036259}.AppStore|Any CPU.Build.0 = AppStore|iPhone
		{1A46160B-FD91-4FCF-8D48-89F3ED036259}.AppStore|Any CPU.Deploy.0 = AppStore|iPhone
		{1A46160B-FD91-4FCF-8D48-89F3ED036259}.AppStore|ARM.ActiveCfg = AppStore|iPhone
		{1A46160B-FD91-4FCF-8D48-89F3ED036259}.AppStore|ARM.Build.0 = AppStore|iPhone
		{1A46160B-FD91-4FCF-8D48-89F3ED036259}.AppStore|ARM.Deploy.0 = AppStore|iPhone
		{1A46160B-FD91-4FCF-8D48-89F3ED036259}.AppStore|iPhone.ActiveCfg = AppStore|iPhone
		{1A46160B-FD91-4FCF-8D48-89F3ED036259}.AppStore|iPhone.Build.0 = AppStore|iPhone
		{1A46160B-FD91-4FCF-8D48-89F3ED036259}.AppStore|iPhone.Deploy.0 = AppStore|iPhone
		{1A46160B-FD91-4FCF-8D48-89F3ED036259}.AppStore|iPhoneSimulator.ActiveCfg = AppStore|iPhoneSimulator
		{1A46160B-FD91-4FCF-8D48-89F3ED036259}.AppStore|iPhoneSimulator.Build.0 = AppStore|iPhoneSimulator
		{1A46160B-FD91-4FCF-8D48-89F3ED036259}.AppStore|iPhoneSimulator.Deploy.0 = AppStore|iPhoneSimulator
		{1A46160B-FD91-4FCF-8D48-89F3ED036259}.AppStore|x64.ActiveCfg = AppStore|iPhone
		{1A46160B-FD91-4FCF-8D48-89F3ED036259}.AppStore|x64.Build.0 = AppStore|iPhone
		{1A46160B-FD91-4FCF-8D48-89F3ED036259}.AppStore|x64.Deploy.0 = AppStore|iPhone
		{1A46160B-FD91-4FCF-8D48-89F3ED036259}.AppStore|x86.ActiveCfg = AppStore|iPhone
		{1A46160B-FD91-4FCF-8D48-89F3ED036259}.AppStore|x86.Build.0 = AppStore|iPhone
		{1A46160B-FD91-4FCF-8D48-89F3ED036259}.AppStore|x86.Deploy.0 = AppStore|iPhone
		{1A46160B-FD91-4FCF-8D48-89F3ED036259}.Debug|Any CPU.ActiveCfg = Debug|iPhoneSimulator
		{1A46160B-FD91-4FCF-8D48-89F3ED036259}.Debug|Any CPU.Deploy.0 = Debug|iPhoneSimulator
		{1A46160B-FD91-4FCF-8D48-89F3ED036259}.Debug|ARM.ActiveCfg = Debug|iPhone
		{1A46160B-FD91-4FCF-8D48-89F3ED036259}.Debug|ARM.Build.0 = Debug|iPhone
		{1A46160B-FD91-4FCF-8D48-89F3ED036259}.Debug|ARM.Deploy.0 = Debug|iPhone
		{1A46160B-FD91-4FCF-8D48-89F3ED036259}.Debug|iPhone.ActiveCfg = Debug|iPhone
		{1A46160B-FD91-4FCF-8D48-89F3ED036259}.Debug|iPhone.Build.0 = Debug|iPhone
		{1A46160B-FD91-4FCF-8D48-89F3ED036259}.Debug|iPhone.Deploy.0 = Debug|iPhone
		{1A46160B-FD91-4FCF-8D48-89F3ED036259}.Debug|iPhoneSimulator.ActiveCfg = Debug|iPhoneSimulator
		{1A46160B-FD91-4FCF-8D48-89F3ED036259}.Debug|iPhoneSimulator.Build.0 = Debug|iPhoneSimulator
		{1A46160B-FD91-4FCF-8D48-89F3ED036259}.Debug|iPhoneSimulator.Deploy.0 = Debug|iPhoneSimulator
		{1A46160B-FD91-4FCF-8D48-89F3ED036259}.Debug|x64.ActiveCfg = Debug|iPhone
		{1A46160B-FD91-4FCF-8D48-89F3ED036259}.Debug|x64.Deploy.0 = Debug|iPhone
		{1A46160B-FD91-4FCF-8D48-89F3ED036259}.Debug|x86.ActiveCfg = Debug|iPhone
		{1A46160B-FD91-4FCF-8D48-89F3ED036259}.Debug|x86.Deploy.0 = Debug|iPhone
		{1A46160B-FD91-4FCF-8D48-89F3ED036259}.Release|Any CPU.ActiveCfg = Release|iPhone
		{1A46160B-FD91-4FCF-8D48-89F3ED036259}.Release|Any CPU.Build.0 = Release|iPhone
		{1A46160B-FD91-4FCF-8D48-89F3ED036259}.Release|Any CPU.Deploy.0 = Release|iPhone
		{1A46160B-FD91-4FCF-8D48-89F3ED036259}.Release|ARM.ActiveCfg = Release|iPhone
		{1A46160B-FD91-4FCF-8D48-89F3ED036259}.Release|ARM.Build.0 = Release|iPhone
		{1A46160B-FD91-4FCF-8D48-89F3ED036259}.Release|ARM.Deploy.0 = Release|iPhone
		{1A46160B-FD91-4FCF-8D48-89F3ED036259}.Release|iPhone.ActiveCfg = Release|iPhone
		{1A46160B-FD91-4FCF-8D48-89F3ED036259}.Release|iPhone.Build.0 = Release|iPhone
		{1A46160B-FD91-4FCF-8D48-89F3ED036259}.Release|iPhone.Deploy.0 = Release|iPhone
		{1A46160B-FD91-4FCF-8D48-89F3ED036259}.Release|iPhoneSimulator.ActiveCfg = Release|iPhoneSimulator
		{1A46160B-FD91-4FCF-8D48-89F3ED036259}.Release|iPhoneSimulator.Build.0 = Release|iPhoneSimulator
		{1A46160B-FD91-4FCF-8D48-89F3ED036259}.Release|iPhoneSimulator.Deploy.0 = Release|iPhoneSimulator
		{1A46160B-FD91-4FCF-8D48-89F3ED036259}.Release|x64.ActiveCfg = Release|iPhone
		{1A46160B-FD91-4FCF-8D48-89F3ED036259}.Release|x64.Build.0 = Release|iPhone
		{1A46160B-FD91-4FCF-8D48-89F3ED036259}.Release|x64.Deploy.0 = Release|iPhone
		{1A46160B-FD91-4FCF-8D48-89F3ED036259}.Release|x86.ActiveCfg = Release|iPhone
		{1A46160B-FD91-4FCF-8D48-89F3ED036259}.Release|x86.Build.0 = Release|iPhone
		{1A46160B-FD91-4FCF-8D48-89F3ED036259}.Release|x86.Deploy.0 = Release|iPhone
		{90B1AAFD-709E-41BA-93F9-AF8699B33E56}.Ad-Hoc|Any CPU.ActiveCfg = Release|x86
		{90B1AAFD-709E-41BA-93F9-AF8699B33E56}.Ad-Hoc|Any CPU.Build.0 = Release|x86
		{90B1AAFD-709E-41BA-93F9-AF8699B33E56}.Ad-Hoc|Any CPU.Deploy.0 = Release|x86
		{90B1AAFD-709E-41BA-93F9-AF8699B33E56}.Ad-Hoc|ARM.ActiveCfg = Release|ARM
		{90B1AAFD-709E-41BA-93F9-AF8699B33E56}.Ad-Hoc|ARM.Build.0 = Release|ARM
		{90B1AAFD-709E-41BA-93F9-AF8699B33E56}.Ad-Hoc|ARM.Deploy.0 = Release|ARM
		{90B1AAFD-709E-41BA-93F9-AF8699B33E56}.Ad-Hoc|iPhone.ActiveCfg = Release|x86
		{90B1AAFD-709E-41BA-93F9-AF8699B33E56}.Ad-Hoc|iPhone.Build.0 = Release|x86
		{90B1AAFD-709E-41BA-93F9-AF8699B33E56}.Ad-Hoc|iPhone.Deploy.0 = Release|x86
		{90B1AAFD-709E-41BA-93F9-AF8699B33E56}.Ad-Hoc|iPhoneSimulator.ActiveCfg = Release|x86
		{90B1AAFD-709E-41BA-93F9-AF8699B33E56}.Ad-Hoc|iPhoneSimulator.Build.0 = Release|x86
		{90B1AAFD-709E-41BA-93F9-AF8699B33E56}.Ad-Hoc|iPhoneSimulator.Deploy.0 = Release|x86
		{90B1AAFD-709E-41BA-93F9-AF8699B33E56}.Ad-Hoc|x64.ActiveCfg = Release|x64
		{90B1AAFD-709E-41BA-93F9-AF8699B33E56}.Ad-Hoc|x64.Build.0 = Release|x64
		{90B1AAFD-709E-41BA-93F9-AF8699B33E56}.Ad-Hoc|x64.Deploy.0 = Release|x64
		{90B1AAFD-709E-41BA-93F9-AF8699B33E56}.Ad-Hoc|x86.ActiveCfg = Release|x86
		{90B1AAFD-709E-41BA-93F9-AF8699B33E56}.Ad-Hoc|x86.Build.0 = Release|x86
		{90B1AAFD-709E-41BA-93F9-AF8699B33E56}.Ad-Hoc|x86.Deploy.0 = Release|x86
		{90B1AAFD-709E-41BA-93F9-AF8699B33E56}.AppStore|Any CPU.ActiveCfg = Release|x86
		{90B1AAFD-709E-41BA-93F9-AF8699B33E56}.AppStore|Any CPU.Build.0 = Release|x86
		{90B1AAFD-709E-41BA-93F9-AF8699B33E56}.AppStore|Any CPU.Deploy.0 = Release|x86
		{90B1AAFD-709E-41BA-93F9-AF8699B33E56}.AppStore|ARM.ActiveCfg = Release|ARM
		{90B1AAFD-709E-41BA-93F9-AF8699B33E56}.AppStore|ARM.Build.0 = Release|ARM
		{90B1AAFD-709E-41BA-93F9-AF8699B33E56}.AppStore|ARM.Deploy.0 = Release|ARM
		{90B1AAFD-709E-41BA-93F9-AF8699B33E56}.AppStore|iPhone.ActiveCfg = Release|x86
		{90B1AAFD-709E-41BA-93F9-AF8699B33E56}.AppStore|iPhone.Build.0 = Release|x86
		{90B1AAFD-709E-41BA-93F9-AF8699B33E56}.AppStore|iPhone.Deploy.0 = Release|x86
		{90B1AAFD-709E-41BA-93F9-AF8699B33E56}.AppStore|iPhoneSimulator.ActiveCfg = Release|x86
		{90B1AAFD-709E-41BA-93F9-AF8699B33E56}.AppStore|iPhoneSimulator.Build.0 = Release|x86
		{90B1AAFD-709E-41BA-93F9-AF8699B33E56}.AppStore|iPhoneSimulator.Deploy.0 = Release|x86
		{90B1AAFD-709E-41BA-93F9-AF8699B33E56}.AppStore|x64.ActiveCfg = Release|x64
		{90B1AAFD-709E-41BA-93F9-AF8699B33E56}.AppStore|x64.Build.0 = Release|x64
		{90B1AAFD-709E-41BA-93F9-AF8699B33E56}.AppStore|x64.Deploy.0 = Release|x64
		{90B1AAFD-709E-41BA-93F9-AF8699B33E56}.AppStore|x86.ActiveCfg = Release|x86
		{90B1AAFD-709E-41BA-93F9-AF8699B33E56}.AppStore|x86.Build.0 = Release|x86
		{90B1AAFD-709E-41BA-93F9-AF8699B33E56}.AppStore|x86.Deploy.0 = Release|x86
		{90B1AAFD-709E-41BA-93F9-AF8699B33E56}.Debug|Any CPU.ActiveCfg = Debug|x86
		{90B1AAFD-709E-41BA-93F9-AF8699B33E56}.Debug|Any CPU.Build.0 = Debug|x86
		{90B1AAFD-709E-41BA-93F9-AF8699B33E56}.Debug|Any CPU.Deploy.0 = Debug|x86
		{90B1AAFD-709E-41BA-93F9-AF8699B33E56}.Debug|ARM.ActiveCfg = Debug|ARM
		{90B1AAFD-709E-41BA-93F9-AF8699B33E56}.Debug|ARM.Build.0 = Debug|ARM
		{90B1AAFD-709E-41BA-93F9-AF8699B33E56}.Debug|ARM.Deploy.0 = Debug|ARM
		{90B1AAFD-709E-41BA-93F9-AF8699B33E56}.Debug|iPhone.ActiveCfg = Debug|x86
		{90B1AAFD-709E-41BA-93F9-AF8699B33E56}.Debug|iPhone.Build.0 = Debug|x86
		{90B1AAFD-709E-41BA-93F9-AF8699B33E56}.Debug|iPhone.Deploy.0 = Debug|x86
		{90B1AAFD-709E-41BA-93F9-AF8699B33E56}.Debug|iPhoneSimulator.ActiveCfg = Debug|x86
		{90B1AAFD-709E-41BA-93F9-AF8699B33E56}.Debug|iPhoneSimulator.Build.0 = Debug|x86
		{90B1AAFD-709E-41BA-93F9-AF8699B33E56}.Debug|iPhoneSimulator.Deploy.0 = Debug|x86
		{90B1AAFD-709E-41BA-93F9-AF8699B33E56}.Debug|x64.ActiveCfg = Debug|x64
		{90B1AAFD-709E-41BA-93F9-AF8699B33E56}.Debug|x64.Build.0 = Debug|x64
		{90B1AAFD-709E-41BA-93F9-AF8699B33E56}.Debug|x64.Deploy.0 = Debug|x64
		{90B1AAFD-709E-41BA-93F9-AF8699B33E56}.Debug|x86.ActiveCfg = Debug|x86
		{90B1AAFD-709E-41BA-93F9-AF8699B33E56}.Debug|x86.Build.0 = Debug|x86
		{90B1AAFD-709E-41BA-93F9-AF8699B33E56}.Debug|x86.Deploy.0 = Debug|x86
		{90B1AAFD-709E-41BA-93F9-AF8699B33E56}.Release|Any CPU.ActiveCfg = Release|x86
		{90B1AAFD-709E-41BA-93F9-AF8699B33E56}.Release|Any CPU.Build.0 = Release|x86
		{90B1AAFD-709E-41BA-93F9-AF8699B33E56}.Release|Any CPU.Deploy.0 = Release|x86
		{90B1AAFD-709E-41BA-93F9-AF8699B33E56}.Release|ARM.ActiveCfg = Release|ARM
		{90B1AAFD-709E-41BA-93F9-AF8699B33E56}.Release|ARM.Build.0 = Release|ARM
		{90B1AAFD-709E-41BA-93F9-AF8699B33E56}.Release|ARM.Deploy.0 = Release|ARM
		{90B1AAFD-709E-41BA-93F9-AF8699B33E56}.Release|iPhone.ActiveCfg = Release|x86
		{90B1AAFD-709E-41BA-93F9-AF8699B33E56}.Release|iPhone.Build.0 = Release|x86
		{90B1AAFD-709E-41BA-93F9-AF8699B33E56}.Release|iPhone.Deploy.0 = Release|x86
		{90B1AAFD-709E-41BA-93F9-AF8699B33E56}.Release|iPhoneSimulator.ActiveCfg = Release|x86
		{90B1AAFD-709E-41BA-93F9-AF8699B33E56}.Release|iPhoneSimulator.Build.0 = Release|x86
		{90B1AAFD-709E-41BA-93F9-AF8699B33E56}.Release|iPhoneSimulator.Deploy.0 = Release|x86
		{90B1AAFD-709E-41BA-93F9-AF8699B33E56}.Release|x64.ActiveCfg = Release|x64
		{90B1AAFD-709E-41BA-93F9-AF8699B33E56}.Release|x64.Build.0 = Release|x64
		{90B1AAFD-709E-41BA-93F9-AF8699B33E56}.Release|x64.Deploy.0 = Release|x64
		{90B1AAFD-709E-41BA-93F9-AF8699B33E56}.Release|x86.ActiveCfg = Release|x86
		{90B1AAFD-709E-41BA-93F9-AF8699B33E56}.Release|x86.Build.0 = Release|x86
		{90B1AAFD-709E-41BA-93F9-AF8699B33E56}.Release|x86.Deploy.0 = Release|x86
		{B21298DD-326D-45D1-945B-869141F5CE1E}.Ad-Hoc|Any CPU.ActiveCfg = Debug|Any CPU
		{B21298DD-326D-45D1-945B-869141F5CE1E}.Ad-Hoc|Any CPU.Build.0 = Debug|Any CPU
		{B21298DD-326D-45D1-945B-869141F5CE1E}.Ad-Hoc|Any CPU.Deploy.0 = Debug|Any CPU
		{B21298DD-326D-45D1-945B-869141F5CE1E}.Ad-Hoc|ARM.ActiveCfg = Debug|Any CPU
		{B21298DD-326D-45D1-945B-869141F5CE1E}.Ad-Hoc|ARM.Build.0 = Debug|Any CPU
		{B21298DD-326D-45D1-945B-869141F5CE1E}.Ad-Hoc|ARM.Deploy.0 = Debug|Any CPU
		{B21298DD-326D-45D1-945B-869141F5CE1E}.Ad-Hoc|iPhone.ActiveCfg = Debug|Any CPU
		{B21298DD-326D-45D1-945B-869141F5CE1E}.Ad-Hoc|iPhone.Build.0 = Debug|Any CPU
		{B21298DD-326D-45D1-945B-869141F5CE1E}.Ad-Hoc|iPhone.Deploy.0 = Debug|Any CPU
		{B21298DD-326D-45D1-945B-869141F5CE1E}.Ad-Hoc|iPhoneSimulator.ActiveCfg = Debug|Any CPU
		{B21298DD-326D-45D1-945B-869141F5CE1E}.Ad-Hoc|iPhoneSimulator.Build.0 = Debug|Any CPU
		{B21298DD-326D-45D1-945B-869141F5CE1E}.Ad-Hoc|iPhoneSimulator.Deploy.0 = Debug|Any CPU
		{B21298DD-326D-45D1-945B-869141F5CE1E}.Ad-Hoc|x64.ActiveCfg = Debug|Any CPU
		{B21298DD-326D-45D1-945B-869141F5CE1E}.Ad-Hoc|x64.Build.0 = Debug|Any CPU
		{B21298DD-326D-45D1-945B-869141F5CE1E}.Ad-Hoc|x64.Deploy.0 = Debug|Any CPU
		{B21298DD-326D-45D1-945B-869141F5CE1E}.Ad-Hoc|x86.ActiveCfg = Debug|Any CPU
		{B21298DD-326D-45D1-945B-869141F5CE1E}.Ad-Hoc|x86.Build.0 = Debug|Any CPU
		{B21298DD-326D-45D1-945B-869141F5CE1E}.Ad-Hoc|x86.Deploy.0 = Debug|Any CPU
		{B21298DD-326D-45D1-945B-869141F5CE1E}.AppStore|Any CPU.ActiveCfg = Debug|Any CPU
		{B21298DD-326D-45D1-945B-869141F5CE1E}.AppStore|Any CPU.Build.0 = Debug|Any CPU
		{B21298DD-326D-45D1-945B-869141F5CE1E}.AppStore|Any CPU.Deploy.0 = Debug|Any CPU
		{B21298DD-326D-45D1-945B-869141F5CE1E}.AppStore|ARM.ActiveCfg = Debug|Any CPU
		{B21298DD-326D-45D1-945B-869141F5CE1E}.AppStore|ARM.Build.0 = Debug|Any CPU
		{B21298DD-326D-45D1-945B-869141F5CE1E}.AppStore|ARM.Deploy.0 = Debug|Any CPU
		{B21298DD-326D-45D1-945B-869141F5CE1E}.AppStore|iPhone.ActiveCfg = Debug|Any CPU
		{B21298DD-326D-45D1-945B-869141F5CE1E}.AppStore|iPhone.Build.0 = Debug|Any CPU
		{B21298DD-326D-45D1-945B-869141F5CE1E}.AppStore|iPhone.Deploy.0 = Debug|Any CPU
		{B21298DD-326D-45D1-945B-869141F5CE1E}.AppStore|iPhoneSimulator.ActiveCfg = Debug|Any CPU
		{B21298DD-326D-45D1-945B-869141F5CE1E}.AppStore|iPhoneSimulator.Build.0 = Debug|Any CPU
		{B21298DD-326D-45D1-945B-869141F5CE1E}.AppStore|iPhoneSimulator.Deploy.0 = Debug|Any CPU
		{B21298DD-326D-45D1-945B-869141F5CE1E}.AppStore|x64.ActiveCfg = Debug|Any CPU
		{B21298DD-326D-45D1-945B-869141F5CE1E}.AppStore|x64.Build.0 = Debug|Any CPU
		{B21298DD-326D-45D1-945B-869141F5CE1E}.AppStore|x64.Deploy.0 = Debug|Any CPU
		{B21298DD-326D-45D1-945B-869141F5CE1E}.AppStore|x86.ActiveCfg = Debug|Any CPU
		{B21298DD-326D-45D1-945B-869141F5CE1E}.AppStore|x86.Build.0 = Debug|Any CPU
		{B21298DD-326D-45D1-945B-869141F5CE1E}.AppStore|x86.Deploy.0 = Debug|Any CPU
		{B21298DD-326D-45D1-945B-869141F5CE1E}.Debug|Any CPU.ActiveCfg = Debug|Any CPU
		{B21298DD-326D-45D1-945B-869141F5CE1E}.Debug|Any CPU.Build.0 = Debug|Any CPU
		{B21298DD-326D-45D1-945B-869141F5CE1E}.Debug|Any CPU.Deploy.0 = Debug|Any CPU
		{B21298DD-326D-45D1-945B-869141F5CE1E}.Debug|ARM.ActiveCfg = Debug|Any CPU
		{B21298DD-326D-45D1-945B-869141F5CE1E}.Debug|ARM.Build.0 = Debug|Any CPU
		{B21298DD-326D-45D1-945B-869141F5CE1E}.Debug|ARM.Deploy.0 = Debug|Any CPU
		{B21298DD-326D-45D1-945B-869141F5CE1E}.Debug|iPhone.ActiveCfg = Debug|Any CPU
		{B21298DD-326D-45D1-945B-869141F5CE1E}.Debug|iPhone.Build.0 = Debug|Any CPU
		{B21298DD-326D-45D1-945B-869141F5CE1E}.Debug|iPhone.Deploy.0 = Debug|Any CPU
		{B21298DD-326D-45D1-945B-869141F5CE1E}.Debug|iPhoneSimulator.ActiveCfg = Debug|Any CPU
		{B21298DD-326D-45D1-945B-869141F5CE1E}.Debug|iPhoneSimulator.Build.0 = Debug|Any CPU
		{B21298DD-326D-45D1-945B-869141F5CE1E}.Debug|iPhoneSimulator.Deploy.0 = Debug|Any CPU
		{B21298DD-326D-45D1-945B-869141F5CE1E}.Debug|x64.ActiveCfg = Debug|Any CPU
		{B21298DD-326D-45D1-945B-869141F5CE1E}.Debug|x64.Build.0 = Debug|Any CPU
		{B21298DD-326D-45D1-945B-869141F5CE1E}.Debug|x64.Deploy.0 = Debug|Any CPU
		{B21298DD-326D-45D1-945B-869141F5CE1E}.Debug|x86.ActiveCfg = Debug|Any CPU
		{B21298DD-326D-45D1-945B-869141F5CE1E}.Debug|x86.Build.0 = Debug|Any CPU
		{B21298DD-326D-45D1-945B-869141F5CE1E}.Debug|x86.Deploy.0 = Debug|Any CPU
		{B21298DD-326D-45D1-945B-869141F5CE1E}.Release|Any CPU.ActiveCfg = Release|Any CPU
		{B21298DD-326D-45D1-945B-869141F5CE1E}.Release|Any CPU.Build.0 = Release|Any CPU
		{B21298DD-326D-45D1-945B-869141F5CE1E}.Release|Any CPU.Deploy.0 = Release|Any CPU
		{B21298DD-326D-45D1-945B-869141F5CE1E}.Release|ARM.ActiveCfg = Release|Any CPU
		{B21298DD-326D-45D1-945B-869141F5CE1E}.Release|ARM.Build.0 = Release|Any CPU
		{B21298DD-326D-45D1-945B-869141F5CE1E}.Release|ARM.Deploy.0 = Release|Any CPU
		{B21298DD-326D-45D1-945B-869141F5CE1E}.Release|iPhone.ActiveCfg = Release|Any CPU
		{B21298DD-326D-45D1-945B-869141F5CE1E}.Release|iPhone.Build.0 = Release|Any CPU
		{B21298DD-326D-45D1-945B-869141F5CE1E}.Release|iPhone.Deploy.0 = Release|Any CPU
		{B21298DD-326D-45D1-945B-869141F5CE1E}.Release|iPhoneSimulator.ActiveCfg = Release|Any CPU
		{B21298DD-326D-45D1-945B-869141F5CE1E}.Release|iPhoneSimulator.Build.0 = Release|Any CPU
		{B21298DD-326D-45D1-945B-869141F5CE1E}.Release|iPhoneSimulator.Deploy.0 = Release|Any CPU
		{B21298DD-326D-45D1-945B-869141F5CE1E}.Release|x64.ActiveCfg = Release|Any CPU
		{B21298DD-326D-45D1-945B-869141F5CE1E}.Release|x64.Build.0 = Release|Any CPU
		{B21298DD-326D-45D1-945B-869141F5CE1E}.Release|x64.Deploy.0 = Release|Any CPU
		{B21298DD-326D-45D1-945B-869141F5CE1E}.Release|x86.ActiveCfg = Release|Any CPU
		{B21298DD-326D-45D1-945B-869141F5CE1E}.Release|x86.Build.0 = Release|Any CPU
		{B21298DD-326D-45D1-945B-869141F5CE1E}.Release|x86.Deploy.0 = Release|Any CPU
		{E72DF2CA-A166-4F09-9557-DC1EE2A1EC1A}.Ad-Hoc|Any CPU.ActiveCfg = Debug|Any CPU
		{E72DF2CA-A166-4F09-9557-DC1EE2A1EC1A}.Ad-Hoc|Any CPU.Build.0 = Debug|Any CPU
		{E72DF2CA-A166-4F09-9557-DC1EE2A1EC1A}.Ad-Hoc|ARM.ActiveCfg = Debug|Any CPU
		{E72DF2CA-A166-4F09-9557-DC1EE2A1EC1A}.Ad-Hoc|ARM.Build.0 = Debug|Any CPU
		{E72DF2CA-A166-4F09-9557-DC1EE2A1EC1A}.Ad-Hoc|iPhone.ActiveCfg = Debug|Any CPU
		{E72DF2CA-A166-4F09-9557-DC1EE2A1EC1A}.Ad-Hoc|iPhone.Build.0 = Debug|Any CPU
		{E72DF2CA-A166-4F09-9557-DC1EE2A1EC1A}.Ad-Hoc|iPhoneSimulator.ActiveCfg = Debug|Any CPU
		{E72DF2CA-A166-4F09-9557-DC1EE2A1EC1A}.Ad-Hoc|iPhoneSimulator.Build.0 = Debug|Any CPU
		{E72DF2CA-A166-4F09-9557-DC1EE2A1EC1A}.Ad-Hoc|x64.ActiveCfg = Debug|Any CPU
		{E72DF2CA-A166-4F09-9557-DC1EE2A1EC1A}.Ad-Hoc|x64.Build.0 = Debug|Any CPU
		{E72DF2CA-A166-4F09-9557-DC1EE2A1EC1A}.Ad-Hoc|x86.ActiveCfg = Debug|Any CPU
		{E72DF2CA-A166-4F09-9557-DC1EE2A1EC1A}.Ad-Hoc|x86.Build.0 = Debug|Any CPU
		{E72DF2CA-A166-4F09-9557-DC1EE2A1EC1A}.AppStore|Any CPU.ActiveCfg = Debug|Any CPU
		{E72DF2CA-A166-4F09-9557-DC1EE2A1EC1A}.AppStore|Any CPU.Build.0 = Debug|Any CPU
		{E72DF2CA-A166-4F09-9557-DC1EE2A1EC1A}.AppStore|ARM.ActiveCfg = Debug|Any CPU
		{E72DF2CA-A166-4F09-9557-DC1EE2A1EC1A}.AppStore|ARM.Build.0 = Debug|Any CPU
		{E72DF2CA-A166-4F09-9557-DC1EE2A1EC1A}.AppStore|iPhone.ActiveCfg = Debug|Any CPU
		{E72DF2CA-A166-4F09-9557-DC1EE2A1EC1A}.AppStore|iPhone.Build.0 = Debug|Any CPU
		{E72DF2CA-A166-4F09-9557-DC1EE2A1EC1A}.AppStore|iPhoneSimulator.ActiveCfg = Debug|Any CPU
		{E72DF2CA-A166-4F09-9557-DC1EE2A1EC1A}.AppStore|iPhoneSimulator.Build.0 = Debug|Any CPU
		{E72DF2CA-A166-4F09-9557-DC1EE2A1EC1A}.AppStore|x64.ActiveCfg = Debug|Any CPU
		{E72DF2CA-A166-4F09-9557-DC1EE2A1EC1A}.AppStore|x64.Build.0 = Debug|Any CPU
		{E72DF2CA-A166-4F09-9557-DC1EE2A1EC1A}.AppStore|x86.ActiveCfg = Debug|Any CPU
		{E72DF2CA-A166-4F09-9557-DC1EE2A1EC1A}.AppStore|x86.Build.0 = Debug|Any CPU
		{E72DF2CA-A166-4F09-9557-DC1EE2A1EC1A}.Debug|Any CPU.ActiveCfg = Debug|Any CPU
		{E72DF2CA-A166-4F09-9557-DC1EE2A1EC1A}.Debug|Any CPU.Build.0 = Debug|Any CPU
		{E72DF2CA-A166-4F09-9557-DC1EE2A1EC1A}.Debug|ARM.ActiveCfg = Debug|Any CPU
		{E72DF2CA-A166-4F09-9557-DC1EE2A1EC1A}.Debug|ARM.Build.0 = Debug|Any CPU
		{E72DF2CA-A166-4F09-9557-DC1EE2A1EC1A}.Debug|iPhone.ActiveCfg = Debug|Any CPU
		{E72DF2CA-A166-4F09-9557-DC1EE2A1EC1A}.Debug|iPhone.Build.0 = Debug|Any CPU
		{E72DF2CA-A166-4F09-9557-DC1EE2A1EC1A}.Debug|iPhoneSimulator.ActiveCfg = Debug|Any CPU
		{E72DF2CA-A166-4F09-9557-DC1EE2A1EC1A}.Debug|iPhoneSimulator.Build.0 = Debug|Any CPU
		{E72DF2CA-A166-4F09-9557-DC1EE2A1EC1A}.Debug|x64.ActiveCfg = Debug|Any CPU
		{E72DF2CA-A166-4F09-9557-DC1EE2A1EC1A}.Debug|x64.Build.0 = Debug|Any CPU
		{E72DF2CA-A166-4F09-9557-DC1EE2A1EC1A}.Debug|x86.ActiveCfg = Debug|Any CPU
		{E72DF2CA-A166-4F09-9557-DC1EE2A1EC1A}.Debug|x86.Build.0 = Debug|Any CPU
		{E72DF2CA-A166-4F09-9557-DC1EE2A1EC1A}.Release|Any CPU.ActiveCfg = Release|Any CPU
		{E72DF2CA-A166-4F09-9557-DC1EE2A1EC1A}.Release|Any CPU.Build.0 = Release|Any CPU
		{E72DF2CA-A166-4F09-9557-DC1EE2A1EC1A}.Release|ARM.ActiveCfg = Release|Any CPU
		{E72DF2CA-A166-4F09-9557-DC1EE2A1EC1A}.Release|ARM.Build.0 = Release|Any CPU
		{E72DF2CA-A166-4F09-9557-DC1EE2A1EC1A}.Release|iPhone.ActiveCfg = Release|Any CPU
		{E72DF2CA-A166-4F09-9557-DC1EE2A1EC1A}.Release|iPhone.Build.0 = Release|Any CPU
		{E72DF2CA-A166-4F09-9557-DC1EE2A1EC1A}.Release|iPhoneSimulator.ActiveCfg = Release|Any CPU
		{E72DF2CA-A166-4F09-9557-DC1EE2A1EC1A}.Release|iPhoneSimulator.Build.0 = Release|Any CPU
		{E72DF2CA-A166-4F09-9557-DC1EE2A1EC1A}.Release|x64.ActiveCfg = Release|Any CPU
		{E72DF2CA-A166-4F09-9557-DC1EE2A1EC1A}.Release|x64.Build.0 = Release|Any CPU
		{E72DF2CA-A166-4F09-9557-DC1EE2A1EC1A}.Release|x86.ActiveCfg = Release|Any CPU
		{E72DF2CA-A166-4F09-9557-DC1EE2A1EC1A}.Release|x86.Build.0 = Release|Any CPU
	EndGlobalSection
	GlobalSection(SolutionProperties) = preSolution
		HideSolutionNode = FALSE
	EndGlobalSection
	GlobalSection(ExtensibilityGlobals) = postSolution
		SolutionGuid = {2928685E-2282-4844-99FC-E8CF1C944D27}
	EndGlobalSection
EndGlobal
